
Microsoft Visual Studio Solution File, Format Version 12.00
# Visual Studio Version 17
VisualStudioVersion = 17.3.32922.545
MinimumVisualStudioVersion = 10.0.40219.1
Project("{FAE04EC0-301F-11D3-BF4B-00C04F79EFBC}") = "HomeWork28Function1", "HomeWork28Function1\HomeWork28Function1.csproj", "{F41AD7A9-67EE-46F4-94F1-0CD77D56F55A}"
EndProject
Global
	GlobalSection(SolutionConfigurationPlatforms) = preSolution
		Debug|Any CPU = Debug|Any CPU
		Release|Any CPU = Release|Any CPU
	EndGlobalSection
	GlobalSection(ProjectConfigurationPlatforms) = postSolution
		{F41AD7A9-67EE-46F4-94F1-0CD77D56F55A}.Debug|Any CPU.ActiveCfg = Debug|Any CPU
		{F41AD7A9-67EE-46F4-94F1-0CD77D56F55A}.Debug|Any CPU.Build.0 = Debug|Any CPU
		{F41AD7A9-67EE-46F4-94F1-0CD77D56F55A}.Release|Any CPU.ActiveCfg = Release|Any CPU
		{F41AD7A9-67EE-46F4-94F1-0CD77D56F55A}.Release|Any CPU.Build.0 = Release|Any CPU
	EndGlobalSection
	GlobalSection(SolutionProperties) = preSolution
		HideSolutionNode = FALSE
	EndGlobalSection
	GlobalSection(ExtensibilityGlobals) = postSolution
		SolutionGuid = {D1A3C7DA-921F-4624-84F3-D4156BFD54F4}
	EndGlobalSection
EndGlobal
